
Microsoft Visual Studio Solution File, Format Version 12.00
# Visual Studio 15
VisualStudioVersion = 15.0.28010.2019
MinimumVisualStudioVersion = 10.0.40219.1
Project("{9A19103F-16F7-4668-BE54-9A1E7A4F7556}") = "L1T1Resharper", "L1T1Resharper\L1T1Resharper.csproj", "{E8FA3F0A-FB52-49C4-B63C-84F2FB1EAA0E}"
EndProject
Project("{FAE04EC0-301F-11D3-BF4B-00C04F79EFBC}") = "L1T2Config", "L1T2Config\L1T2Config.csproj", "{DE52F11A-6A89-4BBD-A20C-EE993E6A7331}"
EndProject
Project("{FAE04EC0-301F-11D3-BF4B-00C04F79EFBC}") = "L1T3GAC", "L1T3GAC\L1T3GAC.csproj", "{55B12E89-54E5-4C35-955A-9B6593DAF7A0}"
EndProject
Project("{FAE04EC0-301F-11D3-BF4B-00C04F79EFBC}") = "L1Classes", "L1Classes\L1Classes.csproj", "{60ED796F-494F-4507-8D84-2647E900B812}"
EndProject
Project("{FAE04EC0-301F-11D3-BF4B-00C04F79EFBC}") = "L1T4BuildEvents", "L1T4BuildEvents\L1T4BuildEvents.csproj", "{DE470541-5A32-41B9-8C4F-59DC3ACC9E47}"
EndProject
Project("{FAE04EC0-301F-11D3-BF4B-00C04F79EFBC}") = "L1T5Compilation", "L1T5Compilation\L1T5Compilation.csproj", "{A9D3439B-4738-4DC0-BE01-96945132B959}"
EndProject
Project("{FAE04EC0-301F-11D3-BF4B-00C04F79EFBC}") = "L2T1Excel", "L2T1Excel\L2T1Excel.csproj", "{B5819F29-4E66-4BB6-BD72-97124B5BD702}"
EndProject
Project("{FAE04EC0-301F-11D3-BF4B-00C04F79EFBC}") = "L2T2JSON", "L2T2JSON\L2T2JSON.csproj", "{1FF3281A-D9E9-42FD-AE70-720B3C6842FB}"
EndProject
Project("{FAE04EC0-301F-11D3-BF4B-00C04F79EFBC}") = "L2T3Unit", "L2T3Unit\L2T3Unit.csproj", "{31B97342-5168-4EB7-9159-A7E903707D4C}"
EndProject
Project("{FAE04EC0-301F-11D3-BF4B-00C04F79EFBC}") = "L2T4Log", "L2T4Log\L2T4Log.csproj", "{739195A5-6020-4BE0-BB31-67E2E1769719}"
EndProject
Project("{9A19103F-16F7-4668-BE54-9A1E7A4F7556}") = "L2UnitTest", "L2UnitTest\L2UnitTest.csproj", "{48F5EE9D-81BE-4FF1-AD7A-4EE2697DE399}"
EndProject
Project("{9A19103F-16F7-4668-BE54-9A1E7A4F7556}") = "L2T4LogCore", "L2T4LogCore\L2T4LogCore.csproj", "{F5529534-356E-4179-A289-5083DF7F966D}"
EndProject
Project("{9A19103F-16F7-4668-BE54-9A1E7A4F7556}") = "L2T3VectorUnitTest", "L2T3VectorUnitTest\L2T3VectorUnitTest.csproj", "{51660573-90C8-4893-9EF1-EBCA95AAB4C6}"
EndProject
Project("{9A19103F-16F7-4668-BE54-9A1E7A4F7556}") = "L2T3UnitTest", "L2T3UnitTest\L2T3UnitTest.csproj", "{1B871301-3F29-46AB-8EEE-B944C352C47B}"
EndProject
Project("{9A19103F-16F7-4668-BE54-9A1E7A4F7556}") = "L3T1ADO_NET", "L3T1ADO_NET\L3T1ADO_NET.csproj", "{2CF8BA8F-8A8B-4E87-BAA1-9F361543C76A}"
EndProject
Project("{9A19103F-16F7-4668-BE54-9A1E7A4F7556}") = "L3T2Transactions", "L3T2Transactions\L3T2Transactions.csproj", "{A692F7E3-7551-47F5-82AF-BB9D3AD55F70}"
EndProject
Project("{9A19103F-16F7-4668-BE54-9A1E7A4F7556}") = "L4T1ShopEF", "L4T1ShopEF\L4T1ShopEF.csproj", "{616715F6-92E0-4991-B709-B05D5DDCAA1B}"
EndProject
Project("{FAE04EC0-301F-11D3-BF4B-00C04F79EFBC}") = "L5T1Migrations", "L5T1Migrations\L5T1Migrations.csproj", "{735B56E2-56FF-475D-A693-D3069F79A5FF}"
EndProject
Global
	GlobalSection(SolutionConfigurationPlatforms) = preSolution
		Debug|Any CPU = Debug|Any CPU
		Release|Any CPU = Release|Any CPU
	EndGlobalSection
	GlobalSection(ProjectConfigurationPlatforms) = postSolution
		{E8FA3F0A-FB52-49C4-B63C-84F2FB1EAA0E}.Debug|Any CPU.ActiveCfg = Debug|Any CPU
		{E8FA3F0A-FB52-49C4-B63C-84F2FB1EAA0E}.Debug|Any CPU.Build.0 = Debug|Any CPU
		{E8FA3F0A-FB52-49C4-B63C-84F2FB1EAA0E}.Release|Any CPU.ActiveCfg = Release|Any CPU
		{E8FA3F0A-FB52-49C4-B63C-84F2FB1EAA0E}.Release|Any CPU.Build.0 = Release|Any CPU
		{DE52F11A-6A89-4BBD-A20C-EE993E6A7331}.Debug|Any CPU.ActiveCfg = Debug|Any CPU
		{DE52F11A-6A89-4BBD-A20C-EE993E6A7331}.Debug|Any CPU.Build.0 = Debug|Any CPU
		{DE52F11A-6A89-4BBD-A20C-EE993E6A7331}.Release|Any CPU.ActiveCfg = Release|Any CPU
		{DE52F11A-6A89-4BBD-A20C-EE993E6A7331}.Release|Any CPU.Build.0 = Release|Any CPU
		{55B12E89-54E5-4C35-955A-9B6593DAF7A0}.Debug|Any CPU.ActiveCfg = Debug|Any CPU
		{55B12E89-54E5-4C35-955A-9B6593DAF7A0}.Debug|Any CPU.Build.0 = Debug|Any CPU
		{55B12E89-54E5-4C35-955A-9B6593DAF7A0}.Release|Any CPU.ActiveCfg = Release|Any CPU
		{55B12E89-54E5-4C35-955A-9B6593DAF7A0}.Release|Any CPU.Build.0 = Release|Any CPU
		{60ED796F-494F-4507-8D84-2647E900B812}.Debug|Any CPU.ActiveCfg = Debug|Any CPU
		{60ED796F-494F-4507-8D84-2647E900B812}.Debug|Any CPU.Build.0 = Debug|Any CPU
		{60ED796F-494F-4507-8D84-2647E900B812}.Release|Any CPU.ActiveCfg = Release|Any CPU
		{60ED796F-494F-4507-8D84-2647E900B812}.Release|Any CPU.Build.0 = Release|Any CPU
		{DE470541-5A32-41B9-8C4F-59DC3ACC9E47}.Debug|Any CPU.ActiveCfg = Debug|Any CPU
		{DE470541-5A32-41B9-8C4F-59DC3ACC9E47}.Debug|Any CPU.Build.0 = Debug|Any CPU
		{DE470541-5A32-41B9-8C4F-59DC3ACC9E47}.Release|Any CPU.ActiveCfg = Release|Any CPU
		{DE470541-5A32-41B9-8C4F-59DC3ACC9E47}.Release|Any CPU.Build.0 = Release|Any CPU
		{A9D3439B-4738-4DC0-BE01-96945132B959}.Debug|Any CPU.ActiveCfg = Debug|Any CPU
		{A9D3439B-4738-4DC0-BE01-96945132B959}.Debug|Any CPU.Build.0 = Debug|Any CPU
		{A9D3439B-4738-4DC0-BE01-96945132B959}.Release|Any CPU.ActiveCfg = Release|Any CPU
		{A9D3439B-4738-4DC0-BE01-96945132B959}.Release|Any CPU.Build.0 = Release|Any CPU
		{B5819F29-4E66-4BB6-BD72-97124B5BD702}.Debug|Any CPU.ActiveCfg = Debug|Any CPU
		{B5819F29-4E66-4BB6-BD72-97124B5BD702}.Debug|Any CPU.Build.0 = Debug|Any CPU
		{B5819F29-4E66-4BB6-BD72-97124B5BD702}.Release|Any CPU.ActiveCfg = Release|Any CPU
		{B5819F29-4E66-4BB6-BD72-97124B5BD702}.Release|Any CPU.Build.0 = Release|Any CPU
		{1FF3281A-D9E9-42FD-AE70-720B3C6842FB}.Debug|Any CPU.ActiveCfg = Debug|Any CPU
		{1FF3281A-D9E9-42FD-AE70-720B3C6842FB}.Debug|Any CPU.Build.0 = Debug|Any CPU
		{1FF3281A-D9E9-42FD-AE70-720B3C6842FB}.Release|Any CPU.ActiveCfg = Release|Any CPU
		{1FF3281A-D9E9-42FD-AE70-720B3C6842FB}.Release|Any CPU.Build.0 = Release|Any CPU
		{31B97342-5168-4EB7-9159-A7E903707D4C}.Debug|Any CPU.ActiveCfg = Debug|Any CPU
		{31B97342-5168-4EB7-9159-A7E903707D4C}.Debug|Any CPU.Build.0 = Debug|Any CPU
		{31B97342-5168-4EB7-9159-A7E903707D4C}.Release|Any CPU.ActiveCfg = Release|Any CPU
		{31B97342-5168-4EB7-9159-A7E903707D4C}.Release|Any CPU.Build.0 = Release|Any CPU
		{739195A5-6020-4BE0-BB31-67E2E1769719}.Debug|Any CPU.ActiveCfg = Debug|Any CPU
		{739195A5-6020-4BE0-BB31-67E2E1769719}.Debug|Any CPU.Build.0 = Debug|Any CPU
		{739195A5-6020-4BE0-BB31-67E2E1769719}.Release|Any CPU.ActiveCfg = Release|Any CPU
		{739195A5-6020-4BE0-BB31-67E2E1769719}.Release|Any CPU.Build.0 = Release|Any CPU
		{48F5EE9D-81BE-4FF1-AD7A-4EE2697DE399}.Debug|Any CPU.ActiveCfg = Debug|Any CPU
		{48F5EE9D-81BE-4FF1-AD7A-4EE2697DE399}.Debug|Any CPU.Build.0 = Debug|Any CPU
		{48F5EE9D-81BE-4FF1-AD7A-4EE2697DE399}.Release|Any CPU.ActiveCfg = Release|Any CPU
		{48F5EE9D-81BE-4FF1-AD7A-4EE2697DE399}.Release|Any CPU.Build.0 = Release|Any CPU
		{F5529534-356E-4179-A289-5083DF7F966D}.Debug|Any CPU.ActiveCfg = Debug|Any CPU
		{F5529534-356E-4179-A289-5083DF7F966D}.Debug|Any CPU.Build.0 = Debug|Any CPU
		{F5529534-356E-4179-A289-5083DF7F966D}.Release|Any CPU.ActiveCfg = Release|Any CPU
		{F5529534-356E-4179-A289-5083DF7F966D}.Release|Any CPU.Build.0 = Release|Any CPU
		{51660573-90C8-4893-9EF1-EBCA95AAB4C6}.Debug|Any CPU.ActiveCfg = Debug|Any CPU
		{51660573-90C8-4893-9EF1-EBCA95AAB4C6}.Debug|Any CPU.Build.0 = Debug|Any CPU
		{51660573-90C8-4893-9EF1-EBCA95AAB4C6}.Release|Any CPU.ActiveCfg = Release|Any CPU
		{51660573-90C8-4893-9EF1-EBCA95AAB4C6}.Release|Any CPU.Build.0 = Release|Any CPU
		{1B871301-3F29-46AB-8EEE-B944C352C47B}.Debug|Any CPU.ActiveCfg = Debug|Any CPU
		{1B871301-3F29-46AB-8EEE-B944C352C47B}.Debug|Any CPU.Build.0 = Debug|Any CPU
		{1B871301-3F29-46AB-8EEE-B944C352C47B}.Release|Any CPU.ActiveCfg = Release|Any CPU
		{1B871301-3F29-46AB-8EEE-B944C352C47B}.Release|Any CPU.Build.0 = Release|Any CPU
		{2CF8BA8F-8A8B-4E87-BAA1-9F361543C76A}.Debug|Any CPU.ActiveCfg = Debug|Any CPU
		{2CF8BA8F-8A8B-4E87-BAA1-9F361543C76A}.Debug|Any CPU.Build.0 = Debug|Any CPU
		{2CF8BA8F-8A8B-4E87-BAA1-9F361543C76A}.Release|Any CPU.ActiveCfg = Release|Any CPU
		{2CF8BA8F-8A8B-4E87-BAA1-9F361543C76A}.Release|Any CPU.Build.0 = Release|Any CPU
		{A692F7E3-7551-47F5-82AF-BB9D3AD55F70}.Debug|Any CPU.ActiveCfg = Debug|Any CPU
		{A692F7E3-7551-47F5-82AF-BB9D3AD55F70}.Debug|Any CPU.Build.0 = Debug|Any CPU
		{A692F7E3-7551-47F5-82AF-BB9D3AD55F70}.Release|Any CPU.ActiveCfg = Release|Any CPU
		{A692F7E3-7551-47F5-82AF-BB9D3AD55F70}.Release|Any CPU.Build.0 = Release|Any CPU
		{616715F6-92E0-4991-B709-B05D5DDCAA1B}.Debug|Any CPU.ActiveCfg = Debug|Any CPU
		{616715F6-92E0-4991-B709-B05D5DDCAA1B}.Debug|Any CPU.Build.0 = Debug|Any CPU
		{616715F6-92E0-4991-B709-B05D5DDCAA1B}.Release|Any CPU.ActiveCfg = Release|Any CPU
		{616715F6-92E0-4991-B709-B05D5DDCAA1B}.Release|Any CPU.Build.0 = Release|Any CPU
		{735B56E2-56FF-475D-A693-D3069F79A5FF}.Debug|Any CPU.ActiveCfg = Debug|Any CPU
		{735B56E2-56FF-475D-A693-D3069F79A5FF}.Debug|Any CPU.Build.0 = Debug|Any CPU
		{735B56E2-56FF-475D-A693-D3069F79A5FF}.Release|Any CPU.ActiveCfg = Release|Any CPU
		{735B56E2-56FF-475D-A693-D3069F79A5FF}.Release|Any CPU.Build.0 = Release|Any CPU
	EndGlobalSection
	GlobalSection(SolutionProperties) = preSolution
		HideSolutionNode = FALSE
	EndGlobalSection
	GlobalSection(ExtensibilityGlobals) = postSolution
		SolutionGuid = {019BBCDA-6716-46E3-A767-A2AA256DC31A}
	EndGlobalSection
EndGlobal
